
Microsoft Visual Studio Solution File, Format Version 12.00
# Visual Studio Version 16
VisualStudioVersion = 16.0.31515.178
MinimumVisualStudioVersion = 10.0.40219.1
Project("{8BC9CEB8-8B4A-11D0-8D11-00A0C91BC942}") = "wingstall", "wingstall\wingstall.vcxproj", "{5F20F307-3F0A-4DBE-8D5A-FA4333CBFAE8}"
	ProjectSection(ProjectDependencies) = postProject
		{6B032D0E-58B3-429C-89FC-B955352CC6F0} = {6B032D0E-58B3-429C-89FC-B955352CC6F0}
		{2D5A6B1F-1A11-414B-819F-2C7C9AA360A1} = {2D5A6B1F-1A11-414B-819F-2C7C9AA360A1}
		{202F8F33-32EE-4234-A127-57FEB5A9FE64} = {202F8F33-32EE-4234-A127-57FEB5A9FE64}
		{A1A07F36-AE71-4B3C-B35C-74E713B5ECA9} = {A1A07F36-AE71-4B3C-B35C-74E713B5ECA9}
		{CED2574F-E4A8-4C0B-9501-C6BEF9B22A55} = {CED2574F-E4A8-4C0B-9501-C6BEF9B22A55}
		{745DEC58-EBB3-47A9-A9B8-4C6627C01BF8} = {745DEC58-EBB3-47A9-A9B8-4C6627C01BF8}
		{DA8018AE-2F7B-45CD-ACCD-736215EC6991} = {DA8018AE-2F7B-45CD-ACCD-736215EC6991}
		{A75B3FB5-A01D-4911-A30E-8BE5DEE0A95B} = {A75B3FB5-A01D-4911-A30E-8BE5DEE0A95B}
		{BCA0E3BF-F8C7-46C3-B983-DD6A891792AB} = {BCA0E3BF-F8C7-46C3-B983-DD6A891792AB}
		{ABE43DC6-EDC4-410D-9809-F717CF4C7C5A} = {ABE43DC6-EDC4-410D-9809-F717CF4C7C5A}
		{46E572E8-0525-4AF3-B390-5D74656B1380} = {46E572E8-0525-4AF3-B390-5D74656B1380}
		{863934EC-0B3D-4CC0-993C-981F0399F37A} = {863934EC-0B3D-4CC0-993C-981F0399F37A}
	EndProjectSection
EndProject
Project("{8BC9CEB8-8B4A-11D0-8D11-00A0C91BC942}") = "wingpackage", "wingpackage\wingpackage.vcxproj", "{6B032D0E-58B3-429C-89FC-B955352CC6F0}"
	ProjectSection(ProjectDependencies) = postProject
		{2D5A6B1F-1A11-414B-819F-2C7C9AA360A1} = {2D5A6B1F-1A11-414B-819F-2C7C9AA360A1}
		{A1A07F36-AE71-4B3C-B35C-74E713B5ECA9} = {A1A07F36-AE71-4B3C-B35C-74E713B5ECA9}
		{CED2574F-E4A8-4C0B-9501-C6BEF9B22A55} = {CED2574F-E4A8-4C0B-9501-C6BEF9B22A55}
		{745DEC58-EBB3-47A9-A9B8-4C6627C01BF8} = {745DEC58-EBB3-47A9-A9B8-4C6627C01BF8}
		{DA8018AE-2F7B-45CD-ACCD-736215EC6991} = {DA8018AE-2F7B-45CD-ACCD-736215EC6991}
		{A75B3FB5-A01D-4911-A30E-8BE5DEE0A95B} = {A75B3FB5-A01D-4911-A30E-8BE5DEE0A95B}
		{BCA0E3BF-F8C7-46C3-B983-DD6A891792AB} = {BCA0E3BF-F8C7-46C3-B983-DD6A891792AB}
		{ABE43DC6-EDC4-410D-9809-F717CF4C7C5A} = {ABE43DC6-EDC4-410D-9809-F717CF4C7C5A}
		{46E572E8-0525-4AF3-B390-5D74656B1380} = {46E572E8-0525-4AF3-B390-5D74656B1380}
		{863934EC-0B3D-4CC0-993C-981F0399F37A} = {863934EC-0B3D-4CC0-993C-981F0399F37A}
	EndProjectSection
EndProject
Project("{8BC9CEB8-8B4A-11D0-8D11-00A0C91BC942}") = "filecompare", "filecompare\filecompare.vcxproj", "{E0CA6A1A-C252-4EDA-9F8D-ED6ACB5432D4}"
	ProjectSection(ProjectDependencies) = postProject
		{CED2574F-E4A8-4C0B-9501-C6BEF9B22A55} = {CED2574F-E4A8-4C0B-9501-C6BEF9B22A55}
		{745DEC58-EBB3-47A9-A9B8-4C6627C01BF8} = {745DEC58-EBB3-47A9-A9B8-4C6627C01BF8}
		{ABE43DC6-EDC4-410D-9809-F717CF4C7C5A} = {ABE43DC6-EDC4-410D-9809-F717CF4C7C5A}
	EndProjectSection
EndProject
Project("{8BC9CEB8-8B4A-11D0-8D11-00A0C91BC942}") = "winggui", "winggui\winggui.vcxproj", "{202F8F33-32EE-4234-A127-57FEB5A9FE64}"
	ProjectSection(ProjectDependencies) = postProject
		{6B032D0E-58B3-429C-89FC-B955352CC6F0} = {6B032D0E-58B3-429C-89FC-B955352CC6F0}
		{2D5A6B1F-1A11-414B-819F-2C7C9AA360A1} = {2D5A6B1F-1A11-414B-819F-2C7C9AA360A1}
		{A1A07F36-AE71-4B3C-B35C-74E713B5ECA9} = {A1A07F36-AE71-4B3C-B35C-74E713B5ECA9}
		{CED2574F-E4A8-4C0B-9501-C6BEF9B22A55} = {CED2574F-E4A8-4C0B-9501-C6BEF9B22A55}
		{745DEC58-EBB3-47A9-A9B8-4C6627C01BF8} = {745DEC58-EBB3-47A9-A9B8-4C6627C01BF8}
		{DA8018AE-2F7B-45CD-ACCD-736215EC6991} = {DA8018AE-2F7B-45CD-ACCD-736215EC6991}
		{A75B3FB5-A01D-4911-A30E-8BE5DEE0A95B} = {A75B3FB5-A01D-4911-A30E-8BE5DEE0A95B}
		{BCA0E3BF-F8C7-46C3-B983-DD6A891792AB} = {BCA0E3BF-F8C7-46C3-B983-DD6A891792AB}
		{ABE43DC6-EDC4-410D-9809-F717CF4C7C5A} = {ABE43DC6-EDC4-410D-9809-F717CF4C7C5A}
		{46E572E8-0525-4AF3-B390-5D74656B1380} = {46E572E8-0525-4AF3-B390-5D74656B1380}
		{863934EC-0B3D-4CC0-993C-981F0399F37A} = {863934EC-0B3D-4CC0-993C-981F0399F37A}
	EndProjectSection
EndProject
Project("{8BC9CEB8-8B4A-11D0-8D11-00A0C91BC942}") = "winggui-test", "winggui-test\winggui-test.vcxproj", "{8450B1A6-E43A-42A1-8EB9-B5052D5B59B4}"
	ProjectSection(ProjectDependencies) = postProject
		{6B032D0E-58B3-429C-89FC-B955352CC6F0} = {6B032D0E-58B3-429C-89FC-B955352CC6F0}
		{2D5A6B1F-1A11-414B-819F-2C7C9AA360A1} = {2D5A6B1F-1A11-414B-819F-2C7C9AA360A1}
		{202F8F33-32EE-4234-A127-57FEB5A9FE64} = {202F8F33-32EE-4234-A127-57FEB5A9FE64}
		{A1A07F36-AE71-4B3C-B35C-74E713B5ECA9} = {A1A07F36-AE71-4B3C-B35C-74E713B5ECA9}
		{CED2574F-E4A8-4C0B-9501-C6BEF9B22A55} = {CED2574F-E4A8-4C0B-9501-C6BEF9B22A55}
		{745DEC58-EBB3-47A9-A9B8-4C6627C01BF8} = {745DEC58-EBB3-47A9-A9B8-4C6627C01BF8}
		{DA8018AE-2F7B-45CD-ACCD-736215EC6991} = {DA8018AE-2F7B-45CD-ACCD-736215EC6991}
		{A75B3FB5-A01D-4911-A30E-8BE5DEE0A95B} = {A75B3FB5-A01D-4911-A30E-8BE5DEE0A95B}
		{BCA0E3BF-F8C7-46C3-B983-DD6A891792AB} = {BCA0E3BF-F8C7-46C3-B983-DD6A891792AB}
		{ABE43DC6-EDC4-410D-9809-F717CF4C7C5A} = {ABE43DC6-EDC4-410D-9809-F717CF4C7C5A}
		{46E572E8-0525-4AF3-B390-5D74656B1380} = {46E572E8-0525-4AF3-B390-5D74656B1380}
		{863934EC-0B3D-4CC0-993C-981F0399F37A} = {863934EC-0B3D-4CC0-993C-981F0399F37A}
	EndProjectSection
EndProject
Project("{8BC9CEB8-8B4A-11D0-8D11-00A0C91BC942}") = "zlibstat", "ext\zlib-1.2.11\contrib\vstudio\vc14\zlibstat.vcxproj", "{745DEC58-EBB3-47A9-A9B8-4C6627C01BF8}"
EndProject
Project("{8BC9CEB8-8B4A-11D0-8D11-00A0C91BC942}") = "util", "soulng\util\util.vcxproj", "{CED2574F-E4A8-4C0B-9501-C6BEF9B22A55}"
	ProjectSection(ProjectDependencies) = postProject
		{745DEC58-EBB3-47A9-A9B8-4C6627C01BF8} = {745DEC58-EBB3-47A9-A9B8-4C6627C01BF8}
		{ABE43DC6-EDC4-410D-9809-F717CF4C7C5A} = {ABE43DC6-EDC4-410D-9809-F717CF4C7C5A}
	EndProjectSection
EndProject
Project("{8BC9CEB8-8B4A-11D0-8D11-00A0C91BC942}") = "libbz2", "ext\bzip2-1.0.6\libbz2.vcxproj", "{ABE43DC6-EDC4-410D-9809-F717CF4C7C5A}"
EndProject
Project("{8BC9CEB8-8B4A-11D0-8D11-00A0C91BC942}") = "lexer", "soulng\lexer\lexer.vcxproj", "{A75B3FB5-A01D-4911-A30E-8BE5DEE0A95B}"
	ProjectSection(ProjectDependencies) = postProject
		{CED2574F-E4A8-4C0B-9501-C6BEF9B22A55} = {CED2574F-E4A8-4C0B-9501-C6BEF9B22A55}
		{745DEC58-EBB3-47A9-A9B8-4C6627C01BF8} = {745DEC58-EBB3-47A9-A9B8-4C6627C01BF8}
		{ABE43DC6-EDC4-410D-9809-F717CF4C7C5A} = {ABE43DC6-EDC4-410D-9809-F717CF4C7C5A}
	EndProjectSection
EndProject
Project("{8BC9CEB8-8B4A-11D0-8D11-00A0C91BC942}") = "parser", "soulng\parser\parser.vcxproj", "{46E572E8-0525-4AF3-B390-5D74656B1380}"
	ProjectSection(ProjectDependencies) = postProject
		{CED2574F-E4A8-4C0B-9501-C6BEF9B22A55} = {CED2574F-E4A8-4C0B-9501-C6BEF9B22A55}
		{745DEC58-EBB3-47A9-A9B8-4C6627C01BF8} = {745DEC58-EBB3-47A9-A9B8-4C6627C01BF8}
		{A75B3FB5-A01D-4911-A30E-8BE5DEE0A95B} = {A75B3FB5-A01D-4911-A30E-8BE5DEE0A95B}
		{ABE43DC6-EDC4-410D-9809-F717CF4C7C5A} = {ABE43DC6-EDC4-410D-9809-F717CF4C7C5A}
	EndProjectSection
EndProject
Project("{8BC9CEB8-8B4A-11D0-8D11-00A0C91BC942}") = "rex", "soulng\rex\rex.vcxproj", "{BCA0E3BF-F8C7-46C3-B983-DD6A891792AB}"
	ProjectSection(ProjectDependencies) = postProject
		{CED2574F-E4A8-4C0B-9501-C6BEF9B22A55} = {CED2574F-E4A8-4C0B-9501-C6BEF9B22A55}
		{745DEC58-EBB3-47A9-A9B8-4C6627C01BF8} = {745DEC58-EBB3-47A9-A9B8-4C6627C01BF8}
		{A75B3FB5-A01D-4911-A30E-8BE5DEE0A95B} = {A75B3FB5-A01D-4911-A30E-8BE5DEE0A95B}
		{ABE43DC6-EDC4-410D-9809-F717CF4C7C5A} = {ABE43DC6-EDC4-410D-9809-F717CF4C7C5A}
		{46E572E8-0525-4AF3-B390-5D74656B1380} = {46E572E8-0525-4AF3-B390-5D74656B1380}
	EndProjectSection
EndProject
Project("{8BC9CEB8-8B4A-11D0-8D11-00A0C91BC942}") = "xml", "sngxml\xml\xml.vcxproj", "{863934EC-0B3D-4CC0-993C-981F0399F37A}"
	ProjectSection(ProjectDependencies) = postProject
		{CED2574F-E4A8-4C0B-9501-C6BEF9B22A55} = {CED2574F-E4A8-4C0B-9501-C6BEF9B22A55}
		{745DEC58-EBB3-47A9-A9B8-4C6627C01BF8} = {745DEC58-EBB3-47A9-A9B8-4C6627C01BF8}
		{A75B3FB5-A01D-4911-A30E-8BE5DEE0A95B} = {A75B3FB5-A01D-4911-A30E-8BE5DEE0A95B}
		{BCA0E3BF-F8C7-46C3-B983-DD6A891792AB} = {BCA0E3BF-F8C7-46C3-B983-DD6A891792AB}
		{ABE43DC6-EDC4-410D-9809-F717CF4C7C5A} = {ABE43DC6-EDC4-410D-9809-F717CF4C7C5A}
		{46E572E8-0525-4AF3-B390-5D74656B1380} = {46E572E8-0525-4AF3-B390-5D74656B1380}
	EndProjectSection
EndProject
Project("{8BC9CEB8-8B4A-11D0-8D11-00A0C91BC942}") = "dom", "sngxml\dom\dom.vcxproj", "{2D5A6B1F-1A11-414B-819F-2C7C9AA360A1}"
	ProjectSection(ProjectDependencies) = postProject
		{CED2574F-E4A8-4C0B-9501-C6BEF9B22A55} = {CED2574F-E4A8-4C0B-9501-C6BEF9B22A55}
		{745DEC58-EBB3-47A9-A9B8-4C6627C01BF8} = {745DEC58-EBB3-47A9-A9B8-4C6627C01BF8}
		{A75B3FB5-A01D-4911-A30E-8BE5DEE0A95B} = {A75B3FB5-A01D-4911-A30E-8BE5DEE0A95B}
		{BCA0E3BF-F8C7-46C3-B983-DD6A891792AB} = {BCA0E3BF-F8C7-46C3-B983-DD6A891792AB}
		{ABE43DC6-EDC4-410D-9809-F717CF4C7C5A} = {ABE43DC6-EDC4-410D-9809-F717CF4C7C5A}
		{46E572E8-0525-4AF3-B390-5D74656B1380} = {46E572E8-0525-4AF3-B390-5D74656B1380}
		{863934EC-0B3D-4CC0-993C-981F0399F37A} = {863934EC-0B3D-4CC0-993C-981F0399F37A}
	EndProjectSection
EndProject
Project("{8BC9CEB8-8B4A-11D0-8D11-00A0C91BC942}") = "xpath", "sngxml\xpath\xpath.vcxproj", "{A1A07F36-AE71-4B3C-B35C-74E713B5ECA9}"
	ProjectSection(ProjectDependencies) = postProject
		{2D5A6B1F-1A11-414B-819F-2C7C9AA360A1} = {2D5A6B1F-1A11-414B-819F-2C7C9AA360A1}
		{CED2574F-E4A8-4C0B-9501-C6BEF9B22A55} = {CED2574F-E4A8-4C0B-9501-C6BEF9B22A55}
		{745DEC58-EBB3-47A9-A9B8-4C6627C01BF8} = {745DEC58-EBB3-47A9-A9B8-4C6627C01BF8}
		{A75B3FB5-A01D-4911-A30E-8BE5DEE0A95B} = {A75B3FB5-A01D-4911-A30E-8BE5DEE0A95B}
		{BCA0E3BF-F8C7-46C3-B983-DD6A891792AB} = {BCA0E3BF-F8C7-46C3-B983-DD6A891792AB}
		{ABE43DC6-EDC4-410D-9809-F717CF4C7C5A} = {ABE43DC6-EDC4-410D-9809-F717CF4C7C5A}
		{46E572E8-0525-4AF3-B390-5D74656B1380} = {46E572E8-0525-4AF3-B390-5D74656B1380}
		{863934EC-0B3D-4CC0-993C-981F0399F37A} = {863934EC-0B3D-4CC0-993C-981F0399F37A}
	EndProjectSection
EndProject
Project("{8BC9CEB8-8B4A-11D0-8D11-00A0C91BC942}") = "wing", "wing\wing.vcxproj", "{DA8018AE-2F7B-45CD-ACCD-736215EC6991}"
	ProjectSection(ProjectDependencies) = postProject
		{2D5A6B1F-1A11-414B-819F-2C7C9AA360A1} = {2D5A6B1F-1A11-414B-819F-2C7C9AA360A1}
		{A1A07F36-AE71-4B3C-B35C-74E713B5ECA9} = {A1A07F36-AE71-4B3C-B35C-74E713B5ECA9}
		{CED2574F-E4A8-4C0B-9501-C6BEF9B22A55} = {CED2574F-E4A8-4C0B-9501-C6BEF9B22A55}
		{745DEC58-EBB3-47A9-A9B8-4C6627C01BF8} = {745DEC58-EBB3-47A9-A9B8-4C6627C01BF8}
		{A75B3FB5-A01D-4911-A30E-8BE5DEE0A95B} = {A75B3FB5-A01D-4911-A30E-8BE5DEE0A95B}
		{BCA0E3BF-F8C7-46C3-B983-DD6A891792AB} = {BCA0E3BF-F8C7-46C3-B983-DD6A891792AB}
		{ABE43DC6-EDC4-410D-9809-F717CF4C7C5A} = {ABE43DC6-EDC4-410D-9809-F717CF4C7C5A}
		{46E572E8-0525-4AF3-B390-5D74656B1380} = {46E572E8-0525-4AF3-B390-5D74656B1380}
		{863934EC-0B3D-4CC0-993C-981F0399F37A} = {863934EC-0B3D-4CC0-993C-981F0399F37A}
	EndProjectSection
EndProject
Project("{8BC9CEB8-8B4A-11D0-8D11-00A0C91BC942}") = "unicode", "unicode\unicode.vcxproj", "{DBC72853-DFE2-4A5F-B196-504479E1DAED}"
	ProjectSection(ProjectDependencies) = postProject
		{2D5A6B1F-1A11-414B-819F-2C7C9AA360A1} = {2D5A6B1F-1A11-414B-819F-2C7C9AA360A1}
		{A1A07F36-AE71-4B3C-B35C-74E713B5ECA9} = {A1A07F36-AE71-4B3C-B35C-74E713B5ECA9}
		{CED2574F-E4A8-4C0B-9501-C6BEF9B22A55} = {CED2574F-E4A8-4C0B-9501-C6BEF9B22A55}
		{745DEC58-EBB3-47A9-A9B8-4C6627C01BF8} = {745DEC58-EBB3-47A9-A9B8-4C6627C01BF8}
		{A75B3FB5-A01D-4911-A30E-8BE5DEE0A95B} = {A75B3FB5-A01D-4911-A30E-8BE5DEE0A95B}
		{BCA0E3BF-F8C7-46C3-B983-DD6A891792AB} = {BCA0E3BF-F8C7-46C3-B983-DD6A891792AB}
		{ABE43DC6-EDC4-410D-9809-F717CF4C7C5A} = {ABE43DC6-EDC4-410D-9809-F717CF4C7C5A}
		{46E572E8-0525-4AF3-B390-5D74656B1380} = {46E572E8-0525-4AF3-B390-5D74656B1380}
		{863934EC-0B3D-4CC0-993C-981F0399F37A} = {863934EC-0B3D-4CC0-993C-981F0399F37A}
	EndProjectSection
EndProject
Project("{8BC9CEB8-8B4A-11D0-8D11-00A0C91BC942}") = "wnginst", "wnginst\wnginst.vcxproj", "{82A16EDF-29B0-432C-9B36-7A9EAE0C6405}"
	ProjectSection(ProjectDependencies) = postProject
		{A1A07F36-AE71-4B3C-B35C-74E713B5ECA9} = {A1A07F36-AE71-4B3C-B35C-74E713B5ECA9}
		{CED2574F-E4A8-4C0B-9501-C6BEF9B22A55} = {CED2574F-E4A8-4C0B-9501-C6BEF9B22A55}
		{745DEC58-EBB3-47A9-A9B8-4C6627C01BF8} = {745DEC58-EBB3-47A9-A9B8-4C6627C01BF8}
		{A75B3FB5-A01D-4911-A30E-8BE5DEE0A95B} = {A75B3FB5-A01D-4911-A30E-8BE5DEE0A95B}
		{BCA0E3BF-F8C7-46C3-B983-DD6A891792AB} = {BCA0E3BF-F8C7-46C3-B983-DD6A891792AB}
		{ABE43DC6-EDC4-410D-9809-F717CF4C7C5A} = {ABE43DC6-EDC4-410D-9809-F717CF4C7C5A}
		{46E572E8-0525-4AF3-B390-5D74656B1380} = {46E572E8-0525-4AF3-B390-5D74656B1380}
		{863934EC-0B3D-4CC0-993C-981F0399F37A} = {863934EC-0B3D-4CC0-993C-981F0399F37A}
	EndProjectSection
EndProject
Project("{8BC9CEB8-8B4A-11D0-8D11-00A0C91BC942}") = "uninstall", "uninstall\uninstall.vcxproj", "{74286F54-370D-4CA4-82DC-E45D6863092D}"
	ProjectSection(ProjectDependencies) = postProject
		{6B032D0E-58B3-429C-89FC-B955352CC6F0} = {6B032D0E-58B3-429C-89FC-B955352CC6F0}
		{2D5A6B1F-1A11-414B-819F-2C7C9AA360A1} = {2D5A6B1F-1A11-414B-819F-2C7C9AA360A1}
		{202F8F33-32EE-4234-A127-57FEB5A9FE64} = {202F8F33-32EE-4234-A127-57FEB5A9FE64}
		{A1A07F36-AE71-4B3C-B35C-74E713B5ECA9} = {A1A07F36-AE71-4B3C-B35C-74E713B5ECA9}
		{CED2574F-E4A8-4C0B-9501-C6BEF9B22A55} = {CED2574F-E4A8-4C0B-9501-C6BEF9B22A55}
		{745DEC58-EBB3-47A9-A9B8-4C6627C01BF8} = {745DEC58-EBB3-47A9-A9B8-4C6627C01BF8}
		{DA8018AE-2F7B-45CD-ACCD-736215EC6991} = {DA8018AE-2F7B-45CD-ACCD-736215EC6991}
		{A75B3FB5-A01D-4911-A30E-8BE5DEE0A95B} = {A75B3FB5-A01D-4911-A30E-8BE5DEE0A95B}
		{BCA0E3BF-F8C7-46C3-B983-DD6A891792AB} = {BCA0E3BF-F8C7-46C3-B983-DD6A891792AB}
		{ABE43DC6-EDC4-410D-9809-F717CF4C7C5A} = {ABE43DC6-EDC4-410D-9809-F717CF4C7C5A}
		{46E572E8-0525-4AF3-B390-5D74656B1380} = {46E572E8-0525-4AF3-B390-5D74656B1380}
		{863934EC-0B3D-4CC0-993C-981F0399F37A} = {863934EC-0B3D-4CC0-993C-981F0399F37A}
	EndProjectSection
EndProject
Global
	GlobalSection(SolutionConfigurationPlatforms) = preSolution
		Debug|Itanium = Debug|Itanium
		Debug|x64 = Debug|x64
		Debug|x86 = Debug|x86
		Release|Itanium = Release|Itanium
		Release|x64 = Release|x64
		Release|x86 = Release|x86
		ReleaseWithoutAsm|Itanium = ReleaseWithoutAsm|Itanium
		ReleaseWithoutAsm|x64 = ReleaseWithoutAsm|x64
		ReleaseWithoutAsm|x86 = ReleaseWithoutAsm|x86
		Trace|Itanium = Trace|Itanium
		Trace|x64 = Trace|x64
		Trace|x86 = Trace|x86
	EndGlobalSection
	GlobalSection(ProjectConfigurationPlatforms) = postSolution
		{5F20F307-3F0A-4DBE-8D5A-FA4333CBFAE8}.Debug|Itanium.ActiveCfg = Debug|Win32
		{5F20F307-3F0A-4DBE-8D5A-FA4333CBFAE8}.Debug|x64.ActiveCfg = Debug|x64
		{5F20F307-3F0A-4DBE-8D5A-FA4333CBFAE8}.Debug|x64.Build.0 = Debug|x64
		{5F20F307-3F0A-4DBE-8D5A-FA4333CBFAE8}.Debug|x86.ActiveCfg = Debug|Win32
		{5F20F307-3F0A-4DBE-8D5A-FA4333CBFAE8}.Debug|x86.Build.0 = Debug|Win32
		{5F20F307-3F0A-4DBE-8D5A-FA4333CBFAE8}.Release|Itanium.ActiveCfg = Release|Win32
		{5F20F307-3F0A-4DBE-8D5A-FA4333CBFAE8}.Release|x64.ActiveCfg = Release|x64
		{5F20F307-3F0A-4DBE-8D5A-FA4333CBFAE8}.Release|x64.Build.0 = Release|x64
		{5F20F307-3F0A-4DBE-8D5A-FA4333CBFAE8}.Release|x86.ActiveCfg = Release|Win32
		{5F20F307-3F0A-4DBE-8D5A-FA4333CBFAE8}.Release|x86.Build.0 = Release|Win32
		{5F20F307-3F0A-4DBE-8D5A-FA4333CBFAE8}.ReleaseWithoutAsm|Itanium.ActiveCfg = Release|Win32
		{5F20F307-3F0A-4DBE-8D5A-FA4333CBFAE8}.ReleaseWithoutAsm|Itanium.Build.0 = Release|Win32
		{5F20F307-3F0A-4DBE-8D5A-FA4333CBFAE8}.ReleaseWithoutAsm|x64.ActiveCfg = Release|x64
		{5F20F307-3F0A-4DBE-8D5A-FA4333CBFAE8}.ReleaseWithoutAsm|x64.Build.0 = Release|x64
		{5F20F307-3F0A-4DBE-8D5A-FA4333CBFAE8}.ReleaseWithoutAsm|x86.ActiveCfg = Release|Win32
		{5F20F307-3F0A-4DBE-8D5A-FA4333CBFAE8}.ReleaseWithoutAsm|x86.Build.0 = Release|Win32
		{5F20F307-3F0A-4DBE-8D5A-FA4333CBFAE8}.Trace|Itanium.ActiveCfg = Release|Win32
		{5F20F307-3F0A-4DBE-8D5A-FA4333CBFAE8}.Trace|Itanium.Build.0 = Release|Win32
		{5F20F307-3F0A-4DBE-8D5A-FA4333CBFAE8}.Trace|x64.ActiveCfg = Release|x64
		{5F20F307-3F0A-4DBE-8D5A-FA4333CBFAE8}.Trace|x64.Build.0 = Release|x64
		{5F20F307-3F0A-4DBE-8D5A-FA4333CBFAE8}.Trace|x86.ActiveCfg = Release|Win32
		{5F20F307-3F0A-4DBE-8D5A-FA4333CBFAE8}.Trace|x86.Build.0 = Release|Win32
		{6B032D0E-58B3-429C-89FC-B955352CC6F0}.Debug|Itanium.ActiveCfg = Debug|Win32
		{6B032D0E-58B3-429C-89FC-B955352CC6F0}.Debug|x64.ActiveCfg = Debug|x64
		{6B032D0E-58B3-429C-89FC-B955352CC6F0}.Debug|x64.Build.0 = Debug|x64
		{6B032D0E-58B3-429C-89FC-B955352CC6F0}.Debug|x86.ActiveCfg = Debug|Win32
		{6B032D0E-58B3-429C-89FC-B955352CC6F0}.Debug|x86.Build.0 = Debug|Win32
		{6B032D0E-58B3-429C-89FC-B955352CC6F0}.Release|Itanium.ActiveCfg = Release|Win32
		{6B032D0E-58B3-429C-89FC-B955352CC6F0}.Release|x64.ActiveCfg = Release|x64
		{6B032D0E-58B3-429C-89FC-B955352CC6F0}.Release|x64.Build.0 = Release|x64
		{6B032D0E-58B3-429C-89FC-B955352CC6F0}.Release|x86.ActiveCfg = Release|Win32
		{6B032D0E-58B3-429C-89FC-B955352CC6F0}.Release|x86.Build.0 = Release|Win32
		{6B032D0E-58B3-429C-89FC-B955352CC6F0}.ReleaseWithoutAsm|Itanium.ActiveCfg = Release|Win32
		{6B032D0E-58B3-429C-89FC-B955352CC6F0}.ReleaseWithoutAsm|Itanium.Build.0 = Release|Win32
		{6B032D0E-58B3-429C-89FC-B955352CC6F0}.ReleaseWithoutAsm|x64.ActiveCfg = Release|x64
		{6B032D0E-58B3-429C-89FC-B955352CC6F0}.ReleaseWithoutAsm|x64.Build.0 = Release|x64
		{6B032D0E-58B3-429C-89FC-B955352CC6F0}.ReleaseWithoutAsm|x86.ActiveCfg = Release|Win32
		{6B032D0E-58B3-429C-89FC-B955352CC6F0}.ReleaseWithoutAsm|x86.Build.0 = Release|Win32
		{6B032D0E-58B3-429C-89FC-B955352CC6F0}.Trace|Itanium.ActiveCfg = Release|Win32
		{6B032D0E-58B3-429C-89FC-B955352CC6F0}.Trace|Itanium.Build.0 = Release|Win32
		{6B032D0E-58B3-429C-89FC-B955352CC6F0}.Trace|x64.ActiveCfg = Release|x64
		{6B032D0E-58B3-429C-89FC-B955352CC6F0}.Trace|x64.Build.0 = Release|x64
		{6B032D0E-58B3-429C-89FC-B955352CC6F0}.Trace|x86.ActiveCfg = Release|Win32
		{6B032D0E-58B3-429C-89FC-B955352CC6F0}.Trace|x86.Build.0 = Release|Win32
		{E0CA6A1A-C252-4EDA-9F8D-ED6ACB5432D4}.Debug|Itanium.ActiveCfg = Debug|Win32
		{E0CA6A1A-C252-4EDA-9F8D-ED6ACB5432D4}.Debug|x64.ActiveCfg = Debug|x64
		{E0CA6A1A-C252-4EDA-9F8D-ED6ACB5432D4}.Debug|x64.Build.0 = Debug|x64
		{E0CA6A1A-C252-4EDA-9F8D-ED6ACB5432D4}.Debug|x86.ActiveCfg = Debug|Win32
		{E0CA6A1A-C252-4EDA-9F8D-ED6ACB5432D4}.Debug|x86.Build.0 = Debug|Win32
		{E0CA6A1A-C252-4EDA-9F8D-ED6ACB5432D4}.Release|Itanium.ActiveCfg = Release|Win32
		{E0CA6A1A-C252-4EDA-9F8D-ED6ACB5432D4}.Release|x64.ActiveCfg = Release|x64
		{E0CA6A1A-C252-4EDA-9F8D-ED6ACB5432D4}.Release|x64.Build.0 = Release|x64
		{E0CA6A1A-C252-4EDA-9F8D-ED6ACB5432D4}.Release|x86.ActiveCfg = Release|Win32
		{E0CA6A1A-C252-4EDA-9F8D-ED6ACB5432D4}.Release|x86.Build.0 = Release|Win32
		{E0CA6A1A-C252-4EDA-9F8D-ED6ACB5432D4}.ReleaseWithoutAsm|Itanium.ActiveCfg = Release|Win32
		{E0CA6A1A-C252-4EDA-9F8D-ED6ACB5432D4}.ReleaseWithoutAsm|Itanium.Build.0 = Release|Win32
		{E0CA6A1A-C252-4EDA-9F8D-ED6ACB5432D4}.ReleaseWithoutAsm|x64.ActiveCfg = Release|x64
		{E0CA6A1A-C252-4EDA-9F8D-ED6ACB5432D4}.ReleaseWithoutAsm|x64.Build.0 = Release|x64
		{E0CA6A1A-C252-4EDA-9F8D-ED6ACB5432D4}.ReleaseWithoutAsm|x86.ActiveCfg = Release|Win32
		{E0CA6A1A-C252-4EDA-9F8D-ED6ACB5432D4}.ReleaseWithoutAsm|x86.Build.0 = Release|Win32
		{E0CA6A1A-C252-4EDA-9F8D-ED6ACB5432D4}.Trace|Itanium.ActiveCfg = Release|Win32
		{E0CA6A1A-C252-4EDA-9F8D-ED6ACB5432D4}.Trace|Itanium.Build.0 = Release|Win32
		{E0CA6A1A-C252-4EDA-9F8D-ED6ACB5432D4}.Trace|x64.ActiveCfg = Release|x64
		{E0CA6A1A-C252-4EDA-9F8D-ED6ACB5432D4}.Trace|x64.Build.0 = Release|x64
		{E0CA6A1A-C252-4EDA-9F8D-ED6ACB5432D4}.Trace|x86.ActiveCfg = Release|Win32
		{E0CA6A1A-C252-4EDA-9F8D-ED6ACB5432D4}.Trace|x86.Build.0 = Release|Win32
		{202F8F33-32EE-4234-A127-57FEB5A9FE64}.Debug|Itanium.ActiveCfg = Debug|Win32
		{202F8F33-32EE-4234-A127-57FEB5A9FE64}.Debug|x64.ActiveCfg = Debug|x64
		{202F8F33-32EE-4234-A127-57FEB5A9FE64}.Debug|x64.Build.0 = Debug|x64
		{202F8F33-32EE-4234-A127-57FEB5A9FE64}.Debug|x86.ActiveCfg = Debug|Win32
		{202F8F33-32EE-4234-A127-57FEB5A9FE64}.Debug|x86.Build.0 = Debug|Win32
		{202F8F33-32EE-4234-A127-57FEB5A9FE64}.Release|Itanium.ActiveCfg = Release|Win32
		{202F8F33-32EE-4234-A127-57FEB5A9FE64}.Release|x64.ActiveCfg = Release|x64
		{202F8F33-32EE-4234-A127-57FEB5A9FE64}.Release|x64.Build.0 = Release|x64
		{202F8F33-32EE-4234-A127-57FEB5A9FE64}.Release|x86.ActiveCfg = Release|Win32
		{202F8F33-32EE-4234-A127-57FEB5A9FE64}.Release|x86.Build.0 = Release|Win32
		{202F8F33-32EE-4234-A127-57FEB5A9FE64}.ReleaseWithoutAsm|Itanium.ActiveCfg = Release|Win32
		{202F8F33-32EE-4234-A127-57FEB5A9FE64}.ReleaseWithoutAsm|Itanium.Build.0 = Release|Win32
		{202F8F33-32EE-4234-A127-57FEB5A9FE64}.ReleaseWithoutAsm|x64.ActiveCfg = Release|x64
		{202F8F33-32EE-4234-A127-57FEB5A9FE64}.ReleaseWithoutAsm|x64.Build.0 = Release|x64
		{202F8F33-32EE-4234-A127-57FEB5A9FE64}.ReleaseWithoutAsm|x86.ActiveCfg = Release|Win32
		{202F8F33-32EE-4234-A127-57FEB5A9FE64}.ReleaseWithoutAsm|x86.Build.0 = Release|Win32
		{202F8F33-32EE-4234-A127-57FEB5A9FE64}.Trace|Itanium.ActiveCfg = Release|Win32
		{202F8F33-32EE-4234-A127-57FEB5A9FE64}.Trace|Itanium.Build.0 = Release|Win32
		{202F8F33-32EE-4234-A127-57FEB5A9FE64}.Trace|x64.ActiveCfg = Release|x64
		{202F8F33-32EE-4234-A127-57FEB5A9FE64}.Trace|x64.Build.0 = Release|x64
		{202F8F33-32EE-4234-A127-57FEB5A9FE64}.Trace|x86.ActiveCfg = Release|Win32
		{202F8F33-32EE-4234-A127-57FEB5A9FE64}.Trace|x86.Build.0 = Release|Win32
		{8450B1A6-E43A-42A1-8EB9-B5052D5B59B4}.Debug|Itanium.ActiveCfg = Debug|Win32
		{8450B1A6-E43A-42A1-8EB9-B5052D5B59B4}.Debug|x64.ActiveCfg = Debug|x64
		{8450B1A6-E43A-42A1-8EB9-B5052D5B59B4}.Debug|x64.Build.0 = Debug|x64
		{8450B1A6-E43A-42A1-8EB9-B5052D5B59B4}.Debug|x86.ActiveCfg = Debug|Win32
		{8450B1A6-E43A-42A1-8EB9-B5052D5B59B4}.Debug|x86.Build.0 = Debug|Win32
		{8450B1A6-E43A-42A1-8EB9-B5052D5B59B4}.Release|Itanium.ActiveCfg = Release|Win32
		{8450B1A6-E43A-42A1-8EB9-B5052D5B59B4}.Release|x64.ActiveCfg = Release|x64
		{8450B1A6-E43A-42A1-8EB9-B5052D5B59B4}.Release|x64.Build.0 = Release|x64
		{8450B1A6-E43A-42A1-8EB9-B5052D5B59B4}.Release|x86.ActiveCfg = Release|Win32
		{8450B1A6-E43A-42A1-8EB9-B5052D5B59B4}.Release|x86.Build.0 = Release|Win32
		{8450B1A6-E43A-42A1-8EB9-B5052D5B59B4}.ReleaseWithoutAsm|Itanium.ActiveCfg = Release|Win32
		{8450B1A6-E43A-42A1-8EB9-B5052D5B59B4}.ReleaseWithoutAsm|Itanium.Build.0 = Release|Win32
		{8450B1A6-E43A-42A1-8EB9-B5052D5B59B4}.ReleaseWithoutAsm|x64.ActiveCfg = Release|x64
		{8450B1A6-E43A-42A1-8EB9-B5052D5B59B4}.ReleaseWithoutAsm|x64.Build.0 = Release|x64
		{8450B1A6-E43A-42A1-8EB9-B5052D5B59B4}.ReleaseWithoutAsm|x86.ActiveCfg = Release|Win32
		{8450B1A6-E43A-42A1-8EB9-B5052D5B59B4}.ReleaseWithoutAsm|x86.Build.0 = Release|Win32
		{8450B1A6-E43A-42A1-8EB9-B5052D5B59B4}.Trace|Itanium.ActiveCfg = Release|Win32
		{8450B1A6-E43A-42A1-8EB9-B5052D5B59B4}.Trace|Itanium.Build.0 = Release|Win32
		{8450B1A6-E43A-42A1-8EB9-B5052D5B59B4}.Trace|x64.ActiveCfg = Release|x64
		{8450B1A6-E43A-42A1-8EB9-B5052D5B59B4}.Trace|x64.Build.0 = Release|x64
		{8450B1A6-E43A-42A1-8EB9-B5052D5B59B4}.Trace|x86.ActiveCfg = Release|Win32
		{8450B1A6-E43A-42A1-8EB9-B5052D5B59B4}.Trace|x86.Build.0 = Release|Win32
		{745DEC58-EBB3-47A9-A9B8-4C6627C01BF8}.Debug|Itanium.ActiveCfg = Debug|Itanium
		{745DEC58-EBB3-47A9-A9B8-4C6627C01BF8}.Debug|Itanium.Build.0 = Debug|Itanium
		{745DEC58-EBB3-47A9-A9B8-4C6627C01BF8}.Debug|x64.ActiveCfg = Debug|x64
		{745DEC58-EBB3-47A9-A9B8-4C6627C01BF8}.Debug|x64.Build.0 = Debug|x64
		{745DEC58-EBB3-47A9-A9B8-4C6627C01BF8}.Debug|x86.ActiveCfg = Debug|Win32
		{745DEC58-EBB3-47A9-A9B8-4C6627C01BF8}.Debug|x86.Build.0 = Debug|Win32
		{745DEC58-EBB3-47A9-A9B8-4C6627C01BF8}.Release|Itanium.ActiveCfg = Release|Itanium
		{745DEC58-EBB3-47A9-A9B8-4C6627C01BF8}.Release|Itanium.Build.0 = Release|Itanium
		{745DEC58-EBB3-47A9-A9B8-4C6627C01BF8}.Release|x64.ActiveCfg = Release|x64
		{745DEC58-EBB3-47A9-A9B8-4C6627C01BF8}.Release|x64.Build.0 = Release|x64
		{745DEC58-EBB3-47A9-A9B8-4C6627C01BF8}.Release|x86.ActiveCfg = Release|Win32
		{745DEC58-EBB3-47A9-A9B8-4C6627C01BF8}.Release|x86.Build.0 = Release|Win32
		{745DEC58-EBB3-47A9-A9B8-4C6627C01BF8}.ReleaseWithoutAsm|Itanium.ActiveCfg = ReleaseWithoutAsm|Itanium
		{745DEC58-EBB3-47A9-A9B8-4C6627C01BF8}.ReleaseWithoutAsm|Itanium.Build.0 = ReleaseWithoutAsm|Itanium
		{745DEC58-EBB3-47A9-A9B8-4C6627C01BF8}.ReleaseWithoutAsm|x64.ActiveCfg = ReleaseWithoutAsm|x64
		{745DEC58-EBB3-47A9-A9B8-4C6627C01BF8}.ReleaseWithoutAsm|x64.Build.0 = ReleaseWithoutAsm|x64
		{745DEC58-EBB3-47A9-A9B8-4C6627C01BF8}.ReleaseWithoutAsm|x86.ActiveCfg = ReleaseWithoutAsm|Win32
		{745DEC58-EBB3-47A9-A9B8-4C6627C01BF8}.ReleaseWithoutAsm|x86.Build.0 = ReleaseWithoutAsm|Win32
		{745DEC58-EBB3-47A9-A9B8-4C6627C01BF8}.Trace|Itanium.ActiveCfg = Trace|Itanium
		{745DEC58-EBB3-47A9-A9B8-4C6627C01BF8}.Trace|Itanium.Build.0 = Trace|Itanium
		{745DEC58-EBB3-47A9-A9B8-4C6627C01BF8}.Trace|x64.ActiveCfg = Trace|x64
		{745DEC58-EBB3-47A9-A9B8-4C6627C01BF8}.Trace|x64.Build.0 = Trace|x64
		{745DEC58-EBB3-47A9-A9B8-4C6627C01BF8}.Trace|x86.ActiveCfg = Trace|Win32
		{745DEC58-EBB3-47A9-A9B8-4C6627C01BF8}.Trace|x86.Build.0 = Trace|Win32
		{CED2574F-E4A8-4C0B-9501-C6BEF9B22A55}.Debug|Itanium.ActiveCfg = Debug|Win32
		{CED2574F-E4A8-4C0B-9501-C6BEF9B22A55}.Debug|x64.ActiveCfg = Debug|x64
		{CED2574F-E4A8-4C0B-9501-C6BEF9B22A55}.Debug|x64.Build.0 = Debug|x64
		{CED2574F-E4A8-4C0B-9501-C6BEF9B22A55}.Debug|x86.ActiveCfg = Debug|Win32
		{CED2574F-E4A8-4C0B-9501-C6BEF9B22A55}.Debug|x86.Build.0 = Debug|Win32
		{CED2574F-E4A8-4C0B-9501-C6BEF9B22A55}.Release|Itanium.ActiveCfg = Release|Win32
		{CED2574F-E4A8-4C0B-9501-C6BEF9B22A55}.Release|x64.ActiveCfg = Release|x64
		{CED2574F-E4A8-4C0B-9501-C6BEF9B22A55}.Release|x64.Build.0 = Release|x64
		{CED2574F-E4A8-4C0B-9501-C6BEF9B22A55}.Release|x86.ActiveCfg = Release|Win32
		{CED2574F-E4A8-4C0B-9501-C6BEF9B22A55}.Release|x86.Build.0 = Release|Win32
		{CED2574F-E4A8-4C0B-9501-C6BEF9B22A55}.ReleaseWithoutAsm|Itanium.ActiveCfg = Debug|Win32
		{CED2574F-E4A8-4C0B-9501-C6BEF9B22A55}.ReleaseWithoutAsm|Itanium.Build.0 = Debug|Win32
		{CED2574F-E4A8-4C0B-9501-C6BEF9B22A55}.ReleaseWithoutAsm|x64.ActiveCfg = Release|x64
		{CED2574F-E4A8-4C0B-9501-C6BEF9B22A55}.ReleaseWithoutAsm|x64.Build.0 = Release|x64
		{CED2574F-E4A8-4C0B-9501-C6BEF9B22A55}.ReleaseWithoutAsm|x86.ActiveCfg = Release|Win32
		{CED2574F-E4A8-4C0B-9501-C6BEF9B22A55}.ReleaseWithoutAsm|x86.Build.0 = Release|Win32
		{CED2574F-E4A8-4C0B-9501-C6BEF9B22A55}.Trace|Itanium.ActiveCfg = Debug|Win32
		{CED2574F-E4A8-4C0B-9501-C6BEF9B22A55}.Trace|Itanium.Build.0 = Debug|Win32
		{CED2574F-E4A8-4C0B-9501-C6BEF9B22A55}.Trace|x64.ActiveCfg = Debug|x64
		{CED2574F-E4A8-4C0B-9501-C6BEF9B22A55}.Trace|x64.Build.0 = Debug|x64
		{CED2574F-E4A8-4C0B-9501-C6BEF9B22A55}.Trace|x86.ActiveCfg = Debug|Win32
		{CED2574F-E4A8-4C0B-9501-C6BEF9B22A55}.Trace|x86.Build.0 = Debug|Win32
		{ABE43DC6-EDC4-410D-9809-F717CF4C7C5A}.Debug|Itanium.ActiveCfg = Debug|Win32
		{ABE43DC6-EDC4-410D-9809-F717CF4C7C5A}.Debug|x64.ActiveCfg = Debug|x64
		{ABE43DC6-EDC4-410D-9809-F717CF4C7C5A}.Debug|x64.Build.0 = Debug|x64
		{ABE43DC6-EDC4-410D-9809-F717CF4C7C5A}.Debug|x86.ActiveCfg = Debug|Win32
		{ABE43DC6-EDC4-410D-9809-F717CF4C7C5A}.Debug|x86.Build.0 = Debug|Win32
		{ABE43DC6-EDC4-410D-9809-F717CF4C7C5A}.Release|Itanium.ActiveCfg = Release|Win32
		{ABE43DC6-EDC4-410D-9809-F717CF4C7C5A}.Release|x64.ActiveCfg = Release|x64
		{ABE43DC6-EDC4-410D-9809-F717CF4C7C5A}.Release|x64.Build.0 = Release|x64
		{ABE43DC6-EDC4-410D-9809-F717CF4C7C5A}.Release|x86.ActiveCfg = Release|Win32
		{ABE43DC6-EDC4-410D-9809-F717CF4C7C5A}.Release|x86.Build.0 = Release|Win32
		{ABE43DC6-EDC4-410D-9809-F717CF4C7C5A}.ReleaseWithoutAsm|Itanium.ActiveCfg = Debug|Win32
		{ABE43DC6-EDC4-410D-9809-F717CF4C7C5A}.ReleaseWithoutAsm|Itanium.Build.0 = Debug|Win32
		{ABE43DC6-EDC4-410D-9809-F717CF4C7C5A}.ReleaseWithoutAsm|x64.ActiveCfg = Release|x64
		{ABE43DC6-EDC4-410D-9809-F717CF4C7C5A}.ReleaseWithoutAsm|x64.Build.0 = Release|x64
		{ABE43DC6-EDC4-410D-9809-F717CF4C7C5A}.ReleaseWithoutAsm|x86.ActiveCfg = Release|Win32
		{ABE43DC6-EDC4-410D-9809-F717CF4C7C5A}.ReleaseWithoutAsm|x86.Build.0 = Release|Win32
		{ABE43DC6-EDC4-410D-9809-F717CF4C7C5A}.Trace|Itanium.ActiveCfg = Trace|Win32
		{ABE43DC6-EDC4-410D-9809-F717CF4C7C5A}.Trace|x64.ActiveCfg = Trace|x64
		{ABE43DC6-EDC4-410D-9809-F717CF4C7C5A}.Trace|x64.Build.0 = Trace|x64
		{ABE43DC6-EDC4-410D-9809-F717CF4C7C5A}.Trace|x86.ActiveCfg = Trace|Win32
		{ABE43DC6-EDC4-410D-9809-F717CF4C7C5A}.Trace|x86.Build.0 = Trace|Win32
		{A75B3FB5-A01D-4911-A30E-8BE5DEE0A95B}.Debug|Itanium.ActiveCfg = Debug|Win32
		{A75B3FB5-A01D-4911-A30E-8BE5DEE0A95B}.Debug|x64.ActiveCfg = Debug|x64
		{A75B3FB5-A01D-4911-A30E-8BE5DEE0A95B}.Debug|x64.Build.0 = Debug|x64
		{A75B3FB5-A01D-4911-A30E-8BE5DEE0A95B}.Debug|x86.ActiveCfg = Debug|Win32
		{A75B3FB5-A01D-4911-A30E-8BE5DEE0A95B}.Debug|x86.Build.0 = Debug|Win32
		{A75B3FB5-A01D-4911-A30E-8BE5DEE0A95B}.Release|Itanium.ActiveCfg = Release|Win32
		{A75B3FB5-A01D-4911-A30E-8BE5DEE0A95B}.Release|x64.ActiveCfg = Release|x64
		{A75B3FB5-A01D-4911-A30E-8BE5DEE0A95B}.Release|x64.Build.0 = Release|x64
		{A75B3FB5-A01D-4911-A30E-8BE5DEE0A95B}.Release|x86.ActiveCfg = Release|Win32
		{A75B3FB5-A01D-4911-A30E-8BE5DEE0A95B}.Release|x86.Build.0 = Release|Win32
		{A75B3FB5-A01D-4911-A30E-8BE5DEE0A95B}.ReleaseWithoutAsm|Itanium.ActiveCfg = Debug|Win32
		{A75B3FB5-A01D-4911-A30E-8BE5DEE0A95B}.ReleaseWithoutAsm|Itanium.Build.0 = Debug|Win32
		{A75B3FB5-A01D-4911-A30E-8BE5DEE0A95B}.ReleaseWithoutAsm|x64.ActiveCfg = Release|x64
		{A75B3FB5-A01D-4911-A30E-8BE5DEE0A95B}.ReleaseWithoutAsm|x64.Build.0 = Release|x64
		{A75B3FB5-A01D-4911-A30E-8BE5DEE0A95B}.ReleaseWithoutAsm|x86.ActiveCfg = Release|Win32
		{A75B3FB5-A01D-4911-A30E-8BE5DEE0A95B}.ReleaseWithoutAsm|x86.Build.0 = Release|Win32
		{A75B3FB5-A01D-4911-A30E-8BE5DEE0A95B}.Trace|Itanium.ActiveCfg = Debug|Win32
		{A75B3FB5-A01D-4911-A30E-8BE5DEE0A95B}.Trace|Itanium.Build.0 = Debug|Win32
		{A75B3FB5-A01D-4911-A30E-8BE5DEE0A95B}.Trace|x64.ActiveCfg = Debug|x64
		{A75B3FB5-A01D-4911-A30E-8BE5DEE0A95B}.Trace|x64.Build.0 = Debug|x64
		{A75B3FB5-A01D-4911-A30E-8BE5DEE0A95B}.Trace|x86.ActiveCfg = Debug|Win32
		{A75B3FB5-A01D-4911-A30E-8BE5DEE0A95B}.Trace|x86.Build.0 = Debug|Win32
		{46E572E8-0525-4AF3-B390-5D74656B1380}.Debug|Itanium.ActiveCfg = Debug|Win32
		{46E572E8-0525-4AF3-B390-5D74656B1380}.Debug|x64.ActiveCfg = Debug|x64
		{46E572E8-0525-4AF3-B390-5D74656B1380}.Debug|x64.Build.0 = Debug|x64
		{46E572E8-0525-4AF3-B390-5D74656B1380}.Debug|x86.ActiveCfg = Debug|Win32
		{46E572E8-0525-4AF3-B390-5D74656B1380}.Debug|x86.Build.0 = Debug|Win32
		{46E572E8-0525-4AF3-B390-5D74656B1380}.Release|Itanium.ActiveCfg = Release|Win32
		{46E572E8-0525-4AF3-B390-5D74656B1380}.Release|x64.ActiveCfg = Release|x64
		{46E572E8-0525-4AF3-B390-5D74656B1380}.Release|x64.Build.0 = Release|x64
		{46E572E8-0525-4AF3-B390-5D74656B1380}.Release|x86.ActiveCfg = Release|Win32
		{46E572E8-0525-4AF3-B390-5D74656B1380}.Release|x86.Build.0 = Release|Win32
		{46E572E8-0525-4AF3-B390-5D74656B1380}.ReleaseWithoutAsm|Itanium.ActiveCfg = Debug|Win32
		{46E572E8-0525-4AF3-B390-5D74656B1380}.ReleaseWithoutAsm|Itanium.Build.0 = Debug|Win32
		{46E572E8-0525-4AF3-B390-5D74656B1380}.ReleaseWithoutAsm|x64.ActiveCfg = Release|x64
		{46E572E8-0525-4AF3-B390-5D74656B1380}.ReleaseWithoutAsm|x64.Build.0 = Release|x64
		{46E572E8-0525-4AF3-B390-5D74656B1380}.ReleaseWithoutAsm|x86.ActiveCfg = Release|Win32
		{46E572E8-0525-4AF3-B390-5D74656B1380}.ReleaseWithoutAsm|x86.Build.0 = Release|Win32
		{46E572E8-0525-4AF3-B390-5D74656B1380}.Trace|Itanium.ActiveCfg = Debug|Win32
		{46E572E8-0525-4AF3-B390-5D74656B1380}.Trace|Itanium.Build.0 = Debug|Win32
		{46E572E8-0525-4AF3-B390-5D74656B1380}.Trace|x64.ActiveCfg = Debug|x64
		{46E572E8-0525-4AF3-B390-5D74656B1380}.Trace|x64.Build.0 = Debug|x64
		{46E572E8-0525-4AF3-B390-5D74656B1380}.Trace|x86.ActiveCfg = Debug|Win32
		{46E572E8-0525-4AF3-B390-5D74656B1380}.Trace|x86.Build.0 = Debug|Win32
		{BCA0E3BF-F8C7-46C3-B983-DD6A891792AB}.Debug|Itanium.ActiveCfg = Debug|Win32
		{BCA0E3BF-F8C7-46C3-B983-DD6A891792AB}.Debug|x64.ActiveCfg = Debug|x64
		{BCA0E3BF-F8C7-46C3-B983-DD6A891792AB}.Debug|x64.Build.0 = Debug|x64
		{BCA0E3BF-F8C7-46C3-B983-DD6A891792AB}.Debug|x86.ActiveCfg = Debug|Win32
		{BCA0E3BF-F8C7-46C3-B983-DD6A891792AB}.Debug|x86.Build.0 = Debug|Win32
		{BCA0E3BF-F8C7-46C3-B983-DD6A891792AB}.Release|Itanium.ActiveCfg = Release|Win32
		{BCA0E3BF-F8C7-46C3-B983-DD6A891792AB}.Release|x64.ActiveCfg = Release|x64
		{BCA0E3BF-F8C7-46C3-B983-DD6A891792AB}.Release|x64.Build.0 = Release|x64
		{BCA0E3BF-F8C7-46C3-B983-DD6A891792AB}.Release|x86.ActiveCfg = Release|Win32
		{BCA0E3BF-F8C7-46C3-B983-DD6A891792AB}.Release|x86.Build.0 = Release|Win32
		{BCA0E3BF-F8C7-46C3-B983-DD6A891792AB}.ReleaseWithoutAsm|Itanium.ActiveCfg = Debug|Win32
		{BCA0E3BF-F8C7-46C3-B983-DD6A891792AB}.ReleaseWithoutAsm|Itanium.Build.0 = Debug|Win32
		{BCA0E3BF-F8C7-46C3-B983-DD6A891792AB}.ReleaseWithoutAsm|x64.ActiveCfg = Release|x64
		{BCA0E3BF-F8C7-46C3-B983-DD6A891792AB}.ReleaseWithoutAsm|x64.Build.0 = Release|x64
		{BCA0E3BF-F8C7-46C3-B983-DD6A891792AB}.ReleaseWithoutAsm|x86.ActiveCfg = Release|Win32
		{BCA0E3BF-F8C7-46C3-B983-DD6A891792AB}.ReleaseWithoutAsm|x86.Build.0 = Release|Win32
		{BCA0E3BF-F8C7-46C3-B983-DD6A891792AB}.Trace|Itanium.ActiveCfg = Debug|Win32
		{BCA0E3BF-F8C7-46C3-B983-DD6A891792AB}.Trace|Itanium.Build.0 = Debug|Win32
		{BCA0E3BF-F8C7-46C3-B983-DD6A891792AB}.Trace|x64.ActiveCfg = Debug|x64
		{BCA0E3BF-F8C7-46C3-B983-DD6A891792AB}.Trace|x64.Build.0 = Debug|x64
		{BCA0E3BF-F8C7-46C3-B983-DD6A891792AB}.Trace|x86.ActiveCfg = Debug|Win32
		{BCA0E3BF-F8C7-46C3-B983-DD6A891792AB}.Trace|x86.Build.0 = Debug|Win32
		{863934EC-0B3D-4CC0-993C-981F0399F37A}.Debug|Itanium.ActiveCfg = Debug|Win32
		{863934EC-0B3D-4CC0-993C-981F0399F37A}.Debug|x64.ActiveCfg = Debug|x64
		{863934EC-0B3D-4CC0-993C-981F0399F37A}.Debug|x64.Build.0 = Debug|x64
		{863934EC-0B3D-4CC0-993C-981F0399F37A}.Debug|x86.ActiveCfg = Debug|Win32
		{863934EC-0B3D-4CC0-993C-981F0399F37A}.Debug|x86.Build.0 = Debug|Win32
		{863934EC-0B3D-4CC0-993C-981F0399F37A}.Release|Itanium.ActiveCfg = Release|Win32
		{863934EC-0B3D-4CC0-993C-981F0399F37A}.Release|x64.ActiveCfg = Release|x64
		{863934EC-0B3D-4CC0-993C-981F0399F37A}.Release|x64.Build.0 = Release|x64
		{863934EC-0B3D-4CC0-993C-981F0399F37A}.Release|x86.ActiveCfg = Release|Win32
		{863934EC-0B3D-4CC0-993C-981F0399F37A}.Release|x86.Build.0 = Release|Win32
		{863934EC-0B3D-4CC0-993C-981F0399F37A}.ReleaseWithoutAsm|Itanium.ActiveCfg = Debug|Win32
		{863934EC-0B3D-4CC0-993C-981F0399F37A}.ReleaseWithoutAsm|Itanium.Build.0 = Debug|Win32
		{863934EC-0B3D-4CC0-993C-981F0399F37A}.ReleaseWithoutAsm|x64.ActiveCfg = Release|x64
		{863934EC-0B3D-4CC0-993C-981F0399F37A}.ReleaseWithoutAsm|x64.Build.0 = Release|x64
		{863934EC-0B3D-4CC0-993C-981F0399F37A}.ReleaseWithoutAsm|x86.ActiveCfg = Release|Win32
		{863934EC-0B3D-4CC0-993C-981F0399F37A}.ReleaseWithoutAsm|x86.Build.0 = Release|Win32
		{863934EC-0B3D-4CC0-993C-981F0399F37A}.Trace|Itanium.ActiveCfg = Debug|Win32
		{863934EC-0B3D-4CC0-993C-981F0399F37A}.Trace|Itanium.Build.0 = Debug|Win32
		{863934EC-0B3D-4CC0-993C-981F0399F37A}.Trace|x64.ActiveCfg = Debug|x64
		{863934EC-0B3D-4CC0-993C-981F0399F37A}.Trace|x64.Build.0 = Debug|x64
		{863934EC-0B3D-4CC0-993C-981F0399F37A}.Trace|x86.ActiveCfg = Debug|Win32
		{863934EC-0B3D-4CC0-993C-981F0399F37A}.Trace|x86.Build.0 = Debug|Win32
		{2D5A6B1F-1A11-414B-819F-2C7C9AA360A1}.Debug|Itanium.ActiveCfg = Debug|Win32
		{2D5A6B1F-1A11-414B-819F-2C7C9AA360A1}.Debug|x64.ActiveCfg = Debug|x64
		{2D5A6B1F-1A11-414B-819F-2C7C9AA360A1}.Debug|x64.Build.0 = Debug|x64
		{2D5A6B1F-1A11-414B-819F-2C7C9AA360A1}.Debug|x86.ActiveCfg = Debug|Win32
		{2D5A6B1F-1A11-414B-819F-2C7C9AA360A1}.Debug|x86.Build.0 = Debug|Win32
		{2D5A6B1F-1A11-414B-819F-2C7C9AA360A1}.Release|Itanium.ActiveCfg = Release|Win32
		{2D5A6B1F-1A11-414B-819F-2C7C9AA360A1}.Release|x64.ActiveCfg = Release|x64
		{2D5A6B1F-1A11-414B-819F-2C7C9AA360A1}.Release|x64.Build.0 = Release|x64
		{2D5A6B1F-1A11-414B-819F-2C7C9AA360A1}.Release|x86.ActiveCfg = Release|Win32
		{2D5A6B1F-1A11-414B-819F-2C7C9AA360A1}.Release|x86.Build.0 = Release|Win32
		{2D5A6B1F-1A11-414B-819F-2C7C9AA360A1}.ReleaseWithoutAsm|Itanium.ActiveCfg = Debug|Win32
		{2D5A6B1F-1A11-414B-819F-2C7C9AA360A1}.ReleaseWithoutAsm|Itanium.Build.0 = Debug|Win32
		{2D5A6B1F-1A11-414B-819F-2C7C9AA360A1}.ReleaseWithoutAsm|x64.ActiveCfg = Release|x64
		{2D5A6B1F-1A11-414B-819F-2C7C9AA360A1}.ReleaseWithoutAsm|x64.Build.0 = Release|x64
		{2D5A6B1F-1A11-414B-819F-2C7C9AA360A1}.ReleaseWithoutAsm|x86.ActiveCfg = Release|Win32
		{2D5A6B1F-1A11-414B-819F-2C7C9AA360A1}.ReleaseWithoutAsm|x86.Build.0 = Release|Win32
		{2D5A6B1F-1A11-414B-819F-2C7C9AA360A1}.Trace|Itanium.ActiveCfg = Debug|Win32
		{2D5A6B1F-1A11-414B-819F-2C7C9AA360A1}.Trace|Itanium.Build.0 = Debug|Win32
		{2D5A6B1F-1A11-414B-819F-2C7C9AA360A1}.Trace|x64.ActiveCfg = Debug|x64
		{2D5A6B1F-1A11-414B-819F-2C7C9AA360A1}.Trace|x64.Build.0 = Debug|x64
		{2D5A6B1F-1A11-414B-819F-2C7C9AA360A1}.Trace|x86.ActiveCfg = Debug|Win32
		{2D5A6B1F-1A11-414B-819F-2C7C9AA360A1}.Trace|x86.Build.0 = Debug|Win32
		{A1A07F36-AE71-4B3C-B35C-74E713B5ECA9}.Debug|Itanium.ActiveCfg = Debug|Win32
		{A1A07F36-AE71-4B3C-B35C-74E713B5ECA9}.Debug|x64.ActiveCfg = Debug|x64
		{A1A07F36-AE71-4B3C-B35C-74E713B5ECA9}.Debug|x64.Build.0 = Debug|x64
		{A1A07F36-AE71-4B3C-B35C-74E713B5ECA9}.Debug|x86.ActiveCfg = Debug|Win32
		{A1A07F36-AE71-4B3C-B35C-74E713B5ECA9}.Debug|x86.Build.0 = Debug|Win32
		{A1A07F36-AE71-4B3C-B35C-74E713B5ECA9}.Release|Itanium.ActiveCfg = Release|Win32
		{A1A07F36-AE71-4B3C-B35C-74E713B5ECA9}.Release|x64.ActiveCfg = Release|x64
		{A1A07F36-AE71-4B3C-B35C-74E713B5ECA9}.Release|x64.Build.0 = Release|x64
		{A1A07F36-AE71-4B3C-B35C-74E713B5ECA9}.Release|x86.ActiveCfg = Release|Win32
		{A1A07F36-AE71-4B3C-B35C-74E713B5ECA9}.Release|x86.Build.0 = Release|Win32
		{A1A07F36-AE71-4B3C-B35C-74E713B5ECA9}.ReleaseWithoutAsm|Itanium.ActiveCfg = Debug|Win32
		{A1A07F36-AE71-4B3C-B35C-74E713B5ECA9}.ReleaseWithoutAsm|Itanium.Build.0 = Debug|Win32
		{A1A07F36-AE71-4B3C-B35C-74E713B5ECA9}.ReleaseWithoutAsm|x64.ActiveCfg = Release|x64
		{A1A07F36-AE71-4B3C-B35C-74E713B5ECA9}.ReleaseWithoutAsm|x64.Build.0 = Release|x64
		{A1A07F36-AE71-4B3C-B35C-74E713B5ECA9}.ReleaseWithoutAsm|x86.ActiveCfg = Release|Win32
		{A1A07F36-AE71-4B3C-B35C-74E713B5ECA9}.ReleaseWithoutAsm|x86.Build.0 = Release|Win32
		{A1A07F36-AE71-4B3C-B35C-74E713B5ECA9}.Trace|Itanium.ActiveCfg = Debug|Win32
		{A1A07F36-AE71-4B3C-B35C-74E713B5ECA9}.Trace|Itanium.Build.0 = Debug|Win32
		{A1A07F36-AE71-4B3C-B35C-74E713B5ECA9}.Trace|x64.ActiveCfg = Debug|x64
		{A1A07F36-AE71-4B3C-B35C-74E713B5ECA9}.Trace|x64.Build.0 = Debug|x64
		{A1A07F36-AE71-4B3C-B35C-74E713B5ECA9}.Trace|x86.ActiveCfg = Debug|Win32
		{A1A07F36-AE71-4B3C-B35C-74E713B5ECA9}.Trace|x86.Build.0 = Debug|Win32
		{DA8018AE-2F7B-45CD-ACCD-736215EC6991}.Debug|Itanium.ActiveCfg = Debug|Win32
		{DA8018AE-2F7B-45CD-ACCD-736215EC6991}.Debug|x64.ActiveCfg = Debug|x64
		{DA8018AE-2F7B-45CD-ACCD-736215EC6991}.Debug|x64.Build.0 = Debug|x64
		{DA8018AE-2F7B-45CD-ACCD-736215EC6991}.Debug|x86.ActiveCfg = Debug|Win32
		{DA8018AE-2F7B-45CD-ACCD-736215EC6991}.Debug|x86.Build.0 = Debug|Win32
		{DA8018AE-2F7B-45CD-ACCD-736215EC6991}.Release|Itanium.ActiveCfg = Release|Win32
		{DA8018AE-2F7B-45CD-ACCD-736215EC6991}.Release|x64.ActiveCfg = Release|x64
		{DA8018AE-2F7B-45CD-ACCD-736215EC6991}.Release|x64.Build.0 = Release|x64
		{DA8018AE-2F7B-45CD-ACCD-736215EC6991}.Release|x86.ActiveCfg = Release|Win32
		{DA8018AE-2F7B-45CD-ACCD-736215EC6991}.Release|x86.Build.0 = Release|Win32
		{DA8018AE-2F7B-45CD-ACCD-736215EC6991}.ReleaseWithoutAsm|Itanium.ActiveCfg = Debug|Win32
		{DA8018AE-2F7B-45CD-ACCD-736215EC6991}.ReleaseWithoutAsm|Itanium.Build.0 = Debug|Win32
		{DA8018AE-2F7B-45CD-ACCD-736215EC6991}.ReleaseWithoutAsm|x64.ActiveCfg = Release|x64
		{DA8018AE-2F7B-45CD-ACCD-736215EC6991}.ReleaseWithoutAsm|x64.Build.0 = Release|x64
		{DA8018AE-2F7B-45CD-ACCD-736215EC6991}.ReleaseWithoutAsm|x86.ActiveCfg = Release|Win32
		{DA8018AE-2F7B-45CD-ACCD-736215EC6991}.ReleaseWithoutAsm|x86.Build.0 = Release|Win32
		{DA8018AE-2F7B-45CD-ACCD-736215EC6991}.Trace|Itanium.ActiveCfg = Debug|Win32
		{DA8018AE-2F7B-45CD-ACCD-736215EC6991}.Trace|Itanium.Build.0 = Debug|Win32
		{DA8018AE-2F7B-45CD-ACCD-736215EC6991}.Trace|x64.ActiveCfg = Debug|x64
		{DA8018AE-2F7B-45CD-ACCD-736215EC6991}.Trace|x64.Build.0 = Debug|x64
		{DA8018AE-2F7B-45CD-ACCD-736215EC6991}.Trace|x86.ActiveCfg = Debug|Win32
		{DA8018AE-2F7B-45CD-ACCD-736215EC6991}.Trace|x86.Build.0 = Debug|Win32
		{DBC72853-DFE2-4A5F-B196-504479E1DAED}.Debug|Itanium.ActiveCfg = Debug|Win32
		{DBC72853-DFE2-4A5F-B196-504479E1DAED}.Debug|x64.ActiveCfg = Debug|x64
		{DBC72853-DFE2-4A5F-B196-504479E1DAED}.Debug|x64.Build.0 = Debug|x64
		{DBC72853-DFE2-4A5F-B196-504479E1DAED}.Debug|x86.ActiveCfg = Debug|Win32
		{DBC72853-DFE2-4A5F-B196-504479E1DAED}.Debug|x86.Build.0 = Debug|Win32
		{DBC72853-DFE2-4A5F-B196-504479E1DAED}.Release|Itanium.ActiveCfg = Release|Win32
		{DBC72853-DFE2-4A5F-B196-504479E1DAED}.Release|x64.ActiveCfg = Release|x64
		{DBC72853-DFE2-4A5F-B196-504479E1DAED}.Release|x64.Build.0 = Release|x64
		{DBC72853-DFE2-4A5F-B196-504479E1DAED}.Release|x86.ActiveCfg = Release|Win32
		{DBC72853-DFE2-4A5F-B196-504479E1DAED}.Release|x86.Build.0 = Release|Win32
		{DBC72853-DFE2-4A5F-B196-504479E1DAED}.ReleaseWithoutAsm|Itanium.ActiveCfg = Debug|Win32
		{DBC72853-DFE2-4A5F-B196-504479E1DAED}.ReleaseWithoutAsm|Itanium.Build.0 = Debug|Win32
		{DBC72853-DFE2-4A5F-B196-504479E1DAED}.ReleaseWithoutAsm|x64.ActiveCfg = Release|x64
		{DBC72853-DFE2-4A5F-B196-504479E1DAED}.ReleaseWithoutAsm|x64.Build.0 = Release|x64
		{DBC72853-DFE2-4A5F-B196-504479E1DAED}.ReleaseWithoutAsm|x86.ActiveCfg = Release|Win32
		{DBC72853-DFE2-4A5F-B196-504479E1DAED}.ReleaseWithoutAsm|x86.Build.0 = Release|Win32
		{DBC72853-DFE2-4A5F-B196-504479E1DAED}.Trace|Itanium.ActiveCfg = Debug|Win32
		{DBC72853-DFE2-4A5F-B196-504479E1DAED}.Trace|Itanium.Build.0 = Debug|Win32
		{DBC72853-DFE2-4A5F-B196-504479E1DAED}.Trace|x64.ActiveCfg = Debug|x64
		{DBC72853-DFE2-4A5F-B196-504479E1DAED}.Trace|x64.Build.0 = Debug|x64
		{DBC72853-DFE2-4A5F-B196-504479E1DAED}.Trace|x86.ActiveCfg = Debug|Win32
		{DBC72853-DFE2-4A5F-B196-504479E1DAED}.Trace|x86.Build.0 = Debug|Win32
		{82A16EDF-29B0-432C-9B36-7A9EAE0C6405}.Debug|Itanium.ActiveCfg = Debug|Win32
		{82A16EDF-29B0-432C-9B36-7A9EAE0C6405}.Debug|x64.ActiveCfg = Debug|x64
		{82A16EDF-29B0-432C-9B36-7A9EAE0C6405}.Debug|x64.Build.0 = Debug|x64
		{82A16EDF-29B0-432C-9B36-7A9EAE0C6405}.Debug|x86.ActiveCfg = Debug|Win32
		{82A16EDF-29B0-432C-9B36-7A9EAE0C6405}.Debug|x86.Build.0 = Debug|Win32
		{82A16EDF-29B0-432C-9B36-7A9EAE0C6405}.Release|Itanium.ActiveCfg = Release|Win32
		{82A16EDF-29B0-432C-9B36-7A9EAE0C6405}.Release|x64.ActiveCfg = Release|x64
		{82A16EDF-29B0-432C-9B36-7A9EAE0C6405}.Release|x64.Build.0 = Release|x64
		{82A16EDF-29B0-432C-9B36-7A9EAE0C6405}.Release|x86.ActiveCfg = Release|Win32
		{82A16EDF-29B0-432C-9B36-7A9EAE0C6405}.Release|x86.Build.0 = Release|Win32
		{82A16EDF-29B0-432C-9B36-7A9EAE0C6405}.ReleaseWithoutAsm|Itanium.ActiveCfg = Debug|Win32
		{82A16EDF-29B0-432C-9B36-7A9EAE0C6405}.ReleaseWithoutAsm|Itanium.Build.0 = Debug|Win32
		{82A16EDF-29B0-432C-9B36-7A9EAE0C6405}.ReleaseWithoutAsm|x64.ActiveCfg = Release|x64
		{82A16EDF-29B0-432C-9B36-7A9EAE0C6405}.ReleaseWithoutAsm|x64.Build.0 = Release|x64
		{82A16EDF-29B0-432C-9B36-7A9EAE0C6405}.ReleaseWithoutAsm|x86.ActiveCfg = Release|Win32
		{82A16EDF-29B0-432C-9B36-7A9EAE0C6405}.ReleaseWithoutAsm|x86.Build.0 = Release|Win32
		{82A16EDF-29B0-432C-9B36-7A9EAE0C6405}.Trace|Itanium.ActiveCfg = Debug|Win32
		{82A16EDF-29B0-432C-9B36-7A9EAE0C6405}.Trace|Itanium.Build.0 = Debug|Win32
		{82A16EDF-29B0-432C-9B36-7A9EAE0C6405}.Trace|x64.ActiveCfg = Debug|x64
		{82A16EDF-29B0-432C-9B36-7A9EAE0C6405}.Trace|x64.Build.0 = Debug|x64
		{82A16EDF-29B0-432C-9B36-7A9EAE0C6405}.Trace|x86.ActiveCfg = Debug|Win32
		{82A16EDF-29B0-432C-9B36-7A9EAE0C6405}.Trace|x86.Build.0 = Debug|Win32
		{74286F54-370D-4CA4-82DC-E45D6863092D}.Debug|Itanium.ActiveCfg = Debug|Win32
		{74286F54-370D-4CA4-82DC-E45D6863092D}.Debug|x64.ActiveCfg = Debug|x64
		{74286F54-370D-4CA4-82DC-E45D6863092D}.Debug|x64.Build.0 = Debug|x64
		{74286F54-370D-4CA4-82DC-E45D6863092D}.Debug|x86.ActiveCfg = Debug|Win32
		{74286F54-370D-4CA4-82DC-E45D6863092D}.Debug|x86.Build.0 = Debug|Win32
		{74286F54-370D-4CA4-82DC-E45D6863092D}.Release|Itanium.ActiveCfg = Release|Win32
		{74286F54-370D-4CA4-82DC-E45D6863092D}.Release|x64.ActiveCfg = Release|x64
		{74286F54-370D-4CA4-82DC-E45D6863092D}.Release|x64.Build.0 = Release|x64
		{74286F54-370D-4CA4-82DC-E45D6863092D}.Release|x86.ActiveCfg = Release|Win32
		{74286F54-370D-4CA4-82DC-E45D6863092D}.Release|x86.Build.0 = Release|Win32
		{74286F54-370D-4CA4-82DC-E45D6863092D}.ReleaseWithoutAsm|Itanium.ActiveCfg = Debug|Win32
		{74286F54-370D-4CA4-82DC-E45D6863092D}.ReleaseWithoutAsm|Itanium.Build.0 = Debug|Win32
		{74286F54-370D-4CA4-82DC-E45D6863092D}.ReleaseWithoutAsm|x64.ActiveCfg = Release|x64
		{74286F54-370D-4CA4-82DC-E45D6863092D}.ReleaseWithoutAsm|x64.Build.0 = Release|x64
		{74286F54-370D-4CA4-82DC-E45D6863092D}.ReleaseWithoutAsm|x86.ActiveCfg = Release|Win32
		{74286F54-370D-4CA4-82DC-E45D6863092D}.ReleaseWithoutAsm|x86.Build.0 = Release|Win32
		{74286F54-370D-4CA4-82DC-E45D6863092D}.Trace|Itanium.ActiveCfg = Debug|Win32
		{74286F54-370D-4CA4-82DC-E45D6863092D}.Trace|Itanium.Build.0 = Debug|Win32
		{74286F54-370D-4CA4-82DC-E45D6863092D}.Trace|x64.ActiveCfg = Debug|x64
		{74286F54-370D-4CA4-82DC-E45D6863092D}.Trace|x64.Build.0 = Debug|x64
		{74286F54-370D-4CA4-82DC-E45D6863092D}.Trace|x86.ActiveCfg = Debug|Win32
		{74286F54-370D-4CA4-82DC-E45D6863092D}.Trace|x86.Build.0 = Debug|Win32
	EndGlobalSection
	GlobalSection(SolutionProperties) = preSolution
		HideSolutionNode = FALSE
	EndGlobalSection
	GlobalSection(ExtensibilityGlobals) = postSolution
		SolutionGuid = {01D09DDF-C749-4CB2-9FC6-F506E371EA6D}
	EndGlobalSection
EndGlobal
